
Microsoft Visual Studio Solution File, Format Version 12.00
# Visual Studio 14
VisualStudioVersion = 14.0.24720.0
MinimumVisualStudioVersion = 10.0.40219.1
Project("{FAE04EC0-301F-11D3-BF4B-00C04F79EFBC}") = "polymorphism", "polymorphism\polymorphism.csproj", "{BAADAE4F-20AF-4D5D-98A3-64C646F1F3FF}"
EndProject
Global
	GlobalSection(SolutionConfigurationPlatforms) = preSolution
		Debug|Any CPU = Debug|Any CPU
		Release|Any CPU = Release|Any CPU
	EndGlobalSection
	GlobalSection(ProjectConfigurationPlatforms) = postSolution
		{BAADAE4F-20AF-4D5D-98A3-64C646F1F3FF}.Debug|Any CPU.ActiveCfg = Debug|Any CPU
		{BAADAE4F-20AF-4D5D-98A3-64C646F1F3FF}.Debug|Any CPU.Build.0 = Debug|Any CPU
		{BAADAE4F-20AF-4D5D-98A3-64C646F1F3FF}.Release|Any CPU.ActiveCfg = Release|Any CPU
		{BAADAE4F-20AF-4D5D-98A3-64C646F1F3FF}.Release|Any CPU.Build.0 = Release|Any CPU
	EndGlobalSection
	GlobalSection(SolutionProperties) = preSolution
		HideSolutionNode = FALSE
	EndGlobalSection
EndGlobal
